# THIS IS AN AUTOGENERATED FILE. DO NOT EDIT THIS FILE DIRECTLY.
# yarn lockfile v1


"@types/marked@^0.7.2":
  version "0.7.2"
  resolved "https://registry.yarnpkg.com/@types/marked/-/marked-0.7.2.tgz#1393f076773b55cc7078c0fbeb86a497c69db97e"
  integrity sha512-A3EDyNaq6OCcpaOia2HQ/tu2QYt8DKuj4ExP21VU3cU3HTo2FLslvbqa2T1vux910RHvuSVqpwKnnykSFcRWOA==

marked@^0.8.0:
  version "0.8.0"
  resolved "https://registry.yarnpkg.com/marked/-/marked-0.8.0.tgz#ec5c0c9b93878dc52dd54be8d0e524097bd81a99"
  integrity sha512-MyUe+T/Pw4TZufHkzAfDj6HarCBWia2y27/bhuYkTaiUnfDYFnCP3KUN+9oM7Wi6JA2rymtVYbQu3spE0GCmxQ==

pretty-data@^0.40.0:
  version "0.40.0"
  resolved "https://registry.yarnpkg.com/pretty-data/-/pretty-data-0.40.0.tgz#572aa8ea23467467ab94b6b5266a6fd9c8fddd72"
  integrity sha1-Vyqo6iNGdGerlLa1Jmpv2cj93XI=

typescript@^3.8.2:
  version "3.8.2"
  resolved "https://registry.yarnpkg.com/typescript/-/typescript-3.8.2.tgz#91d6868aaead7da74f493c553aeff76c0c0b1d5a"
  integrity sha512-EgOVgL/4xfVrCMbhYKUQTdF37SQn4Iw73H5BgCrF1Abdun7Kwy/QZsE/ssAy0y4LxBbvua3PIbFsbRczWWnDdQ==
